<Solution>
  <Folder Name="/1 Simple/">
    <Project Path="AgentFx01/AgentFx01.csproj" />
    <Project Path="AgentFx02/AgentFx02.csproj" />
  </Folder>
  <Folder Name="/2 AI Foundry/">
    <Project Path="AgentFx-AIFoundry-01/AgentFx-AIFoundry-01.csproj" />
    <Project Path="AgentFx-AIFoundry-02/AgentFx-AIFoundry-02.csproj" Id="02af80b1-1530-4a9a-8ba5-26a237f8b9fd" />
    <Project Path="AgentFx-AIFoundryAgents-01/AgentFx-AIFoundryAgents-01.csproj" Id="80c62089-8115-4d80-a845-374b5931a140" />
  </Folder>
  <Folder Name="/3 Ollama/">
    <Project Path="AgentFx-Ollama-01/AgentFx-Ollama-01.csproj" />
  </Folder>
  <Folder Name="/4 Image Generation/">
    <Project Path="AgentFx-ImageGen-01/AgentFx-ImageGen-01.csproj" Id="25c06364-ad74-420c-96af-f607d96fa496" />
    <Project Path="AgentFx-ImageGen-02/AgentFx-ImageGen-02.csproj" Id="5c192bf7-4138-464e-8149-05d91ae7f24d" />
  </Folder>
  <Folder Name="/5 MultiModel Agents/">
    <Project Path="AgentFx-MultiAgents-Factory-01/AgentFx-MultiAgents-Factory-01.csproj" Id="fd8cfa03-9cb1-4b3c-a326-7ea32ff003b3" />
    <Project Path="AgentFx-MultiAgents/AgentFx-MultiAgents.csproj" Id="80a4fb26-9e52-44b0-8980-a8b2cac436d4" />
    <Project Path="AgentFx-MultiModel/AgentFx-MultiModel.csproj" />
  </Folder>
  <Folder Name="/6 Background Responses/">
    <Project Path="AgentFx-BackgroundResponses-01-Simple/AgentFx-BackgroundResponses-01-Simple.csproj" Id="69a8fc80-9f2e-41db-8388-c5fdc4fe1328" />
    <Project Path="AgentFx-BackgroundResponses-02-Tools/AgentFx-BackgroundResponses-02-Tools.csproj" Id="a8c55714-88d3-4fdf-bb0f-3a1dbaf0bf3e" />
    <Project Path="AgentFx-BackgroundResponses-03-Complex/AgentFx-BackgroundResponses-03-Complex.csproj" Id="d02a14d8-3d2d-444b-a907-4bddf28614fe" />
  </Folder>
  <Folder Name="/7 Persisting Conversations/">
    <Project Path="AgentFx-Persisting-01-Simple/AgentFx-Persisting-01-Simple.csproj" Id="cbce1a16-7258-4d75-af26-725d6c0c5ab4" />
    <Project Path="AgentFx-Persisting-02-Menu/AgentFx-Persisting-02-Menu.csproj" Id="b7e2e2c1-4e2a-4e2b-9e2c-2e2d2e2e2e2f" />
  </Folder>
  <Folder Name="/8 Claude via Microsoft Foundry/">
    <Project Path="AgentFx-AIWebChatApp-FoundryClaude/AgentFx-AIWebChatApp-FoundryClaude.csproj" Id="d5e4f3c2-9a6b-4c7d-8e5f-3a4b5c6d7e8f" />
    <Project Path="AgentFx-FoundryClaude-01/AgentFx-FoundryClaude-01.csproj" Id="b8f3c2a1-7d4e-4f9a-8b2c-1e5d6f7a8b9c" />
    <Project Path="AgentFx-FoundryClaude-Persisting-01/AgentFx-FoundryClaude-Persisting-01.csproj" />
  </Folder>
  <Folder Name="/9 Microsoft Foundry/">
    <Project Path="AgentFx-MicrosoftFoundryAgents-01/AgentFx-MicrosoftFoundryAgents-01.csproj" Id="28071859-0089-4443-82f9-b60ca0ee8f9a" />
    <Project Path="AgentFx-MicrosoftFoundryAgents-02/AgentFx-MicrosoftFoundryAgents-02.csproj" Id="d452346f-ea67-433e-9517-cc3b3d43f40e" />
  </Folder>
</Solution>
